
Microsoft Visual Studio Solution File, Format Version 12.00
# Visual Studio Version 16
VisualStudioVersion = 16.0.31313.79
MinimumVisualStudioVersion = 10.0.40219.1
Project("{2150E333-8FDC-42A3-9474-1A3956D46DE8}") = "API", "API", "{10A0AAEE-381E-40EE-AEBB-B21CF4237608}"
EndProject
Project("{FAE04EC0-301F-11D3-BF4B-00C04F79EFBC}") = "RC.API", "RC.API\RC.API.csproj", "{2A159125-BC93-4A3A-9C33-7F4FFA2152EF}"
EndProject
Global
	GlobalSection(SolutionConfigurationPlatforms) = preSolution
		Debug|Any CPU = Debug|Any CPU
		Release|Any CPU = Release|Any CPU
	EndGlobalSection
	GlobalSection(ProjectConfigurationPlatforms) = postSolution
		{2A159125-BC93-4A3A-9C33-7F4FFA2152EF}.Debug|Any CPU.ActiveCfg = Debug|Any CPU
		{2A159125-BC93-4A3A-9C33-7F4FFA2152EF}.Debug|Any CPU.Build.0 = Debug|Any CPU
		{2A159125-BC93-4A3A-9C33-7F4FFA2152EF}.Release|Any CPU.ActiveCfg = Release|Any CPU
		{2A159125-BC93-4A3A-9C33-7F4FFA2152EF}.Release|Any CPU.Build.0 = Release|Any CPU
	EndGlobalSection
	GlobalSection(SolutionProperties) = preSolution
		HideSolutionNode = FALSE
	EndGlobalSection
	GlobalSection(NestedProjects) = preSolution
		{2A159125-BC93-4A3A-9C33-7F4FFA2152EF} = {10A0AAEE-381E-40EE-AEBB-B21CF4237608}
	EndGlobalSection
	GlobalSection(ExtensibilityGlobals) = postSolution
		SolutionGuid = {8CB1AD26-F469-4D6D-9828-2527389D71C4}
	EndGlobalSection
EndGlobal
